{
  "name": "client",
  "version": "0.1.0",
  "lockfileVersion": 1,
  "requires": true,
  "dependencies": {
    "@fortawesome/fontawesome": {
      "version": "1.1.1",
      "resolved": "https://registry.npmjs.org/@fortawesome/fontawesome/-/fontawesome-1.1.1.tgz",
      "integrity": "sha512-tTbSM3MQFRWG5/ttrgmHMTWqf4FONX8Jp1FJjAVfN9gHTdAnsd3572l4CTb7DIACbtjTWunvBy1UPh+CjzZ1xA==",
      "requires": {
        "@fortawesome/fontawesome-common-types": "0.1.0"
      }
    },
    "@fortawesome/fontawesome-common-types": {
      "version": "0.1.0",
      "resolved": "https://registry.npmjs.org/@fortawesome/fontawesome-common-types/-/fontawesome-common-types-0.1.0.tgz",
      "integrity": "sha512-ESsHmWKuKEgaRktoPBsDnSLiWcAYkudUCt5Dzu7mEtFqB32/CWiSEl5fa49W36CZOMEVoIiacDuG5hZZONdM8g=="
    },
    "@fortawesome/fontawesome-free-brands": {
      "version": "5.0.3",
      "resolved": "https://registry.npmjs.org/@fortawesome/fontawesome-free-brands/-/fontawesome-free-brands-5.0.3.tgz",
      "integrity": "sha512-YshyucnH8wHmh2IwwZcbPk/wI2v2MB31PIhhJ8q49KAUTk30muXXI5f/PbVydo8oW4pi1L0hwX47TQ4tiaV8yQ==",
      "requires": {
        "@fortawesome/fontawesome-common-types": "0.1.0"
      }
    },
    "@fortawesome/fontawesome-free-regular": {
      "version": "5.0.3",
      "resolved": "https://registry.npmjs.org/@fortawesome/fontawesome-free-regular/-/fontawesome-free-regular-5.0.3.tgz",
      "integrity": "sha512-Vm+oP1Yqn2eKaMq73wNIfzpV3yfQYpQ21DNw8Y9tavZZKmhS5wLaTQ2e53gO6ymHNgqO9TNvJtQ3/rJIizIQjg==",
      "requires": {
        "@fortawesome/fontawesome-common-types": "0.1.0"
      }
    },
    "@fortawesome/fontawesome-free-solid": {
      "version": "5.0.3",
      "resolved": "https://registry.npmjs.org/@fortawesome/fontawesome-free-solid/-/fontawesome-free-solid-5.0.3.tgz",
      "integrity": "sha512-6xqHW/kaIS46YKD++mCUfQ7N9suK7yKoa6uoH55KzT5zesL5zjEwo4r66+uBBxScbXseoyTtrJpWe5hNIlT1xA==",
      "requires": {
        "@fortawesome/fontawesome-common-types": "0.1.0"
      }
    }
  }
}
